
Microsoft Visual Studio Solution File, Format Version 12.00
# Visual Studio Version 17
VisualStudioVersion = 17.1.32319.34
MinimumVisualStudioVersion = 10.0.40219.1
Project("{9A19103F-16F7-4668-BE54-9A1E7A4F7556}") = "Eucyon-BookIt", "Eucyon-BookIt.csproj", "{2A0F6902-E6D4-491A-84D7-73BF47E1A0D1}"
EndProject
Project("{9A19103F-16F7-4668-BE54-9A1E7A4F7556}") = "HotelManagementTestingProject", "..\HotelManagementTestingProject\HotelManagementTestingProject.csproj", "{90D8ED79-4B62-4269-A3D9-CB888EFDB99D}"
EndProject
Global
	GlobalSection(SolutionConfigurationPlatforms) = preSolution
		Debug|Any CPU = Debug|Any CPU
		Release|Any CPU = Release|Any CPU
	EndGlobalSection
	GlobalSection(ProjectConfigurationPlatforms) = postSolution
		{2A0F6902-E6D4-491A-84D7-73BF47E1A0D1}.Debug|Any CPU.ActiveCfg = Debug|Any CPU
		{2A0F6902-E6D4-491A-84D7-73BF47E1A0D1}.Debug|Any CPU.Build.0 = Debug|Any CPU
		{2A0F6902-E6D4-491A-84D7-73BF47E1A0D1}.Release|Any CPU.ActiveCfg = Release|Any CPU
		{2A0F6902-E6D4-491A-84D7-73BF47E1A0D1}.Release|Any CPU.Build.0 = Release|Any CPU
		{90D8ED79-4B62-4269-A3D9-CB888EFDB99D}.Debug|Any CPU.ActiveCfg = Debug|Any CPU
		{90D8ED79-4B62-4269-A3D9-CB888EFDB99D}.Debug|Any CPU.Build.0 = Debug|Any CPU
		{90D8ED79-4B62-4269-A3D9-CB888EFDB99D}.Release|Any CPU.ActiveCfg = Release|Any CPU
		{90D8ED79-4B62-4269-A3D9-CB888EFDB99D}.Release|Any CPU.Build.0 = Release|Any CPU
	EndGlobalSection
	GlobalSection(SolutionProperties) = preSolution
		HideSolutionNode = FALSE
	EndGlobalSection
	GlobalSection(ExtensibilityGlobals) = postSolution
		SolutionGuid = {D237BE1C-EFC5-445A-86D0-4C0D359C66C1}
	EndGlobalSection
EndGlobal
